
Microsoft Visual Studio Solution File, Format Version 12.00
# Visual Studio Version 17
VisualStudioVersion = 17.5.2.0
MinimumVisualStudioVersion = 10.0.40219.1
Project("{9A19103F-16F7-4668-BE54-9A1E7A4F7556}") = "NetBlazorApp", "NetBlazorApp.csproj", "{932D4D42-A71B-4FD5-91A0-ED08CFDF5DB0}"
EndProject
Project("{FAE04EC0-301F-11D3-BF4B-00C04F79EFBC}") = "NetBlazorApp.Tests", "NetBlazorApp.Tests\NetBlazorApp.Tests.csproj", "{E343A743-D556-4363-A1D6-65DBA8D156AB}"
EndProject
Global
	GlobalSection(SolutionConfigurationPlatforms) = preSolution
		Debug|Any CPU = Debug|Any CPU
		Debug|x64 = Debug|x64
		Debug|x86 = Debug|x86
		Release|Any CPU = Release|Any CPU
		Release|x64 = Release|x64
		Release|x86 = Release|x86
	EndGlobalSection
	GlobalSection(ProjectConfigurationPlatforms) = postSolution
		{932D4D42-A71B-4FD5-91A0-ED08CFDF5DB0}.Debug|Any CPU.ActiveCfg = Debug|Any CPU
		{932D4D42-A71B-4FD5-91A0-ED08CFDF5DB0}.Debug|Any CPU.Build.0 = Debug|Any CPU
		{932D4D42-A71B-4FD5-91A0-ED08CFDF5DB0}.Debug|x64.ActiveCfg = Debug|Any CPU
		{932D4D42-A71B-4FD5-91A0-ED08CFDF5DB0}.Debug|x64.Build.0 = Debug|Any CPU
		{932D4D42-A71B-4FD5-91A0-ED08CFDF5DB0}.Debug|x86.ActiveCfg = Debug|Any CPU
		{932D4D42-A71B-4FD5-91A0-ED08CFDF5DB0}.Debug|x86.Build.0 = Debug|Any CPU
		{932D4D42-A71B-4FD5-91A0-ED08CFDF5DB0}.Release|Any CPU.ActiveCfg = Release|Any CPU
		{932D4D42-A71B-4FD5-91A0-ED08CFDF5DB0}.Release|Any CPU.Build.0 = Release|Any CPU
		{932D4D42-A71B-4FD5-91A0-ED08CFDF5DB0}.Release|x64.ActiveCfg = Release|Any CPU
		{932D4D42-A71B-4FD5-91A0-ED08CFDF5DB0}.Release|x64.Build.0 = Release|Any CPU
		{932D4D42-A71B-4FD5-91A0-ED08CFDF5DB0}.Release|x86.ActiveCfg = Release|Any CPU
		{932D4D42-A71B-4FD5-91A0-ED08CFDF5DB0}.Release|x86.Build.0 = Release|Any CPU
		{E343A743-D556-4363-A1D6-65DBA8D156AB}.Debug|Any CPU.ActiveCfg = Debug|Any CPU
		{E343A743-D556-4363-A1D6-65DBA8D156AB}.Debug|Any CPU.Build.0 = Debug|Any CPU
		{E343A743-D556-4363-A1D6-65DBA8D156AB}.Debug|x64.ActiveCfg = Debug|Any CPU
		{E343A743-D556-4363-A1D6-65DBA8D156AB}.Debug|x64.Build.0 = Debug|Any CPU
		{E343A743-D556-4363-A1D6-65DBA8D156AB}.Debug|x86.ActiveCfg = Debug|Any CPU
		{E343A743-D556-4363-A1D6-65DBA8D156AB}.Debug|x86.Build.0 = Debug|Any CPU
		{E343A743-D556-4363-A1D6-65DBA8D156AB}.Release|Any CPU.ActiveCfg = Release|Any CPU
		{E343A743-D556-4363-A1D6-65DBA8D156AB}.Release|Any CPU.Build.0 = Release|Any CPU
		{E343A743-D556-4363-A1D6-65DBA8D156AB}.Release|x64.ActiveCfg = Release|Any CPU
		{E343A743-D556-4363-A1D6-65DBA8D156AB}.Release|x64.Build.0 = Release|Any CPU
		{E343A743-D556-4363-A1D6-65DBA8D156AB}.Release|x86.ActiveCfg = Release|Any CPU
		{E343A743-D556-4363-A1D6-65DBA8D156AB}.Release|x86.Build.0 = Release|Any CPU
	EndGlobalSection
	GlobalSection(SolutionProperties) = preSolution
		HideSolutionNode = FALSE
	EndGlobalSection
	GlobalSection(ExtensibilityGlobals) = postSolution
		SolutionGuid = {D47412E8-C4E5-4FB5-9F85-8D48E5FFB9BA}
	EndGlobalSection
EndGlobal
